
Microsoft Visual Studio Solution File, Format Version 12.00
# Visual Studio Version 17
VisualStudioVersion = 17.3.32811.315
MinimumVisualStudioVersion = 10.0.40219.1
Project("{9A19103F-16F7-4668-BE54-9A1E7A4F7556}") = "NPCArmorDistributor", "NPCArmorDistributor.csproj", "{65E459D9-7E82-478F-9D6B-166D87DCB229}"
EndProject
Project("{FAE04EC0-301F-11D3-BF4B-00C04F79EFBC}") = "NPCArmorDistributorUI", "..\NPCArmorDistributorUI\NPCArmorDistributorUI.csproj", "{578F69B1-C193-4E03-8F99-ADDF209A404C}"
	ProjectSection(ProjectDependencies) = postProject
		{65E459D9-7E82-478F-9D6B-166D87DCB229} = {65E459D9-7E82-478F-9D6B-166D87DCB229}
	EndProjectSection
EndProject
Global
	GlobalSection(SolutionConfigurationPlatforms) = preSolution
		Debug|Any CPU = Debug|Any CPU
		Debug|x64 = Debug|x64
		Release|Any CPU = Release|Any CPU
		Release|x64 = Release|x64
	EndGlobalSection
	GlobalSection(ProjectConfigurationPlatforms) = postSolution
		{65E459D9-7E82-478F-9D6B-166D87DCB229}.Debug|Any CPU.ActiveCfg = Debug|x64
		{65E459D9-7E82-478F-9D6B-166D87DCB229}.Debug|Any CPU.Build.0 = Debug|x64
		{65E459D9-7E82-478F-9D6B-166D87DCB229}.Debug|x64.ActiveCfg = Debug|x64
		{65E459D9-7E82-478F-9D6B-166D87DCB229}.Debug|x64.Build.0 = Debug|x64
		{65E459D9-7E82-478F-9D6B-166D87DCB229}.Release|Any CPU.ActiveCfg = Release|x64
		{65E459D9-7E82-478F-9D6B-166D87DCB229}.Release|Any CPU.Build.0 = Release|x64
		{65E459D9-7E82-478F-9D6B-166D87DCB229}.Release|x64.ActiveCfg = Release|x64
		{65E459D9-7E82-478F-9D6B-166D87DCB229}.Release|x64.Build.0 = Release|x64
		{578F69B1-C193-4E03-8F99-ADDF209A404C}.Debug|Any CPU.ActiveCfg = Debug|Any CPU
		{578F69B1-C193-4E03-8F99-ADDF209A404C}.Debug|Any CPU.Build.0 = Debug|Any CPU
		{578F69B1-C193-4E03-8F99-ADDF209A404C}.Debug|Any CPU.Deploy.0 = Debug|Any CPU
		{578F69B1-C193-4E03-8F99-ADDF209A404C}.Debug|x64.ActiveCfg = Debug|Any CPU
		{578F69B1-C193-4E03-8F99-ADDF209A404C}.Debug|x64.Build.0 = Debug|Any CPU
		{578F69B1-C193-4E03-8F99-ADDF209A404C}.Debug|x64.Deploy.0 = Debug|Any CPU
		{578F69B1-C193-4E03-8F99-ADDF209A404C}.Release|Any CPU.ActiveCfg = Release|Any CPU
		{578F69B1-C193-4E03-8F99-ADDF209A404C}.Release|Any CPU.Build.0 = Release|Any CPU
		{578F69B1-C193-4E03-8F99-ADDF209A404C}.Release|Any CPU.Deploy.0 = Release|Any CPU
		{578F69B1-C193-4E03-8F99-ADDF209A404C}.Release|x64.ActiveCfg = Release|Any CPU
		{578F69B1-C193-4E03-8F99-ADDF209A404C}.Release|x64.Build.0 = Release|Any CPU
		{578F69B1-C193-4E03-8F99-ADDF209A404C}.Release|x64.Deploy.0 = Release|Any CPU
	EndGlobalSection
	GlobalSection(SolutionProperties) = preSolution
		HideSolutionNode = FALSE
	EndGlobalSection
	GlobalSection(ExtensibilityGlobals) = postSolution
		SolutionGuid = {84A1700D-A7B1-432A-B77B-816AA9E14DC4}
	EndGlobalSection
EndGlobal
